// !$*UTF8*$!
{
	archiveVersion = 1;
	classes = {
	};
	objectVersion = 51;
	objects = {

/* Begin PBXBuildFile section */
		049505BF23E8329300790D15 /* ThumbnailCell.swift in Sources */ = {isa = PBXBuildFile; fileRef = 049505BE23E8329300790D15 /* ThumbnailCell.swift */; };
		049505C123E84D4E00790D15 /* PropertyControlViewController.swift in Sources */ = {isa = PBXBuildFile; fileRef = 049505C023E84D4E00790D15 /* PropertyControlViewController.swift */; };
		AC0B8ABC23E987820057EEBC /* SliderCell.swift in Sources */ = {isa = PBXBuildFile; fileRef = AC0B8ABB23E987820057EEBC /* SliderCell.swift */; };
		AC0B8ABE23E98A700057EEBC /* CellProvider.swift in Sources */ = {isa = PBXBuildFile; fileRef = AC0B8ABD23E98A700057EEBC /* CellProvider.swift */; };
		AC3B4114240E812600822398 /* Identifiable.swift in Sources */ = {isa = PBXBuildFile; fileRef = AC3B4113240E812600822398 /* Identifiable.swift */; };
		AC3B4116240E87A400822398 /* UITableView+Extension.swift in Sources */ = {isa = PBXBuildFile; fileRef = AC3B4115240E87A400822398 /* UITableView+Extension.swift */; };
		AC3B4118240F7D0700822398 /* UIColor+Extension.swift in Sources */ = {isa = PBXBuildFile; fileRef = AC3B4117240F7D0700822398 /* UIColor+Extension.swift */; };
		AC3B411C240F88D000822398 /* PropertyLabel.swift in Sources */ = {isa = PBXBuildFile; fileRef = AC3B411B240F88D000822398 /* PropertyLabel.swift */; };
		AC5076822410CD7B0002DCE9 /* StepperCell.swift in Sources */ = {isa = PBXBuildFile; fileRef = AC5076812410CD7B0002DCE9 /* StepperCell.swift */; };
		AC5A1AF123EC2E6700729CFE /* SelectCell.swift in Sources */ = {isa = PBXBuildFile; fileRef = AC5A1AF023EC2E6700729CFE /* SelectCell.swift */; };
		ACC1ED0F247271BF009F4C1A /* MethodCell.swift in Sources */ = {isa = PBXBuildFile; fileRef = ACC1ED0E247271BF009F4C1A /* MethodCell.swift */; };
		ACC64B8F240E2D18007CD967 /* ControlModel.swift in Sources */ = {isa = PBXBuildFile; fileRef = ACC64B8E240E2D18007CD967 /* ControlModel.swift */; };
		ACC7153E2416835400D01C31 /* PreviewCollectionViewCell.swift in Sources */ = {isa = PBXBuildFile; fileRef = ACC7153D2416835400D01C31 /* PreviewCollectionViewCell.swift */; };
		ACC71540241684D600D01C31 /* PreviewCollectionReusableView.swift in Sources */ = {isa = PBXBuildFile; fileRef = ACC7153F241684D600D01C31 /* PreviewCollectionReusableView.swift */; };
		ACC715422417B11B00D01C31 /* NotificationNames.swift in Sources */ = {isa = PBXBuildFile; fileRef = ACC715412417B11B00D01C31 /* NotificationNames.swift */; };
		ACD4FDC323EFD17D00D6ED22 /* Common.swift in Sources */ = {isa = PBXBuildFile; fileRef = ACD4FDC223EFD17D00D6ED22 /* Common.swift */; };
		ACE1202D23EA7DDF00D484EF /* DisplayView.swift in Sources */ = {isa = PBXBuildFile; fileRef = ACE1202C23EA7DDF00D484EF /* DisplayView.swift */; };
		ACE1203323EA8EE900D484EF /* PaletteCell.swift in Sources */ = {isa = PBXBuildFile; fileRef = ACE1203023EA8EE900D484EF /* PaletteCell.swift */; };
		ACE1203523EA8EE900D484EF /* ToggleCell.swift in Sources */ = {isa = PBXBuildFile; fileRef = ACE1203223EA8EE900D484EF /* ToggleCell.swift */; };
		ACE1203923EAA81100D484EF /* TextCell.swift in Sources */ = {isa = PBXBuildFile; fileRef = ACE1203823EAA81100D484EF /* TextCell.swift */; };
		ACE1203B23EBF59E00D484EF /* EnumerationExtensions.swift in Sources */ = {isa = PBXBuildFile; fileRef = ACE1203A23EBF59E00D484EF /* EnumerationExtensions.swift */; };
		ACE13F69240E20D400376613 /* UICollectionView+Extension.swift in Sources */ = {isa = PBXBuildFile; fileRef = ACE13F68240E20D400376613 /* UICollectionView+Extension.swift */; };
		ACE13F6D240E236500376613 /* MainModel.swift in Sources */ = {isa = PBXBuildFile; fileRef = ACE13F6C240E236500376613 /* MainModel.swift */; };
		ACE13F6F240E257A00376613 /* UIKitObject.swift in Sources */ = {isa = PBXBuildFile; fileRef = ACE13F6E240E257A00376613 /* UIKitObject.swift */; };
		ACE37E6323E43D3400055BFE /* AppDelegate.swift in Sources */ = {isa = PBXBuildFile; fileRef = ACE37E6223E43D3400055BFE /* AppDelegate.swift */; };
		ACE37E6723E43D3400055BFE /* MainViewController.swift in Sources */ = {isa = PBXBuildFile; fileRef = ACE37E6623E43D3400055BFE /* MainViewController.swift */; };
		ACE37E6C23E43D3500055BFE /* Assets.xcassets in Resources */ = {isa = PBXBuildFile; fileRef = ACE37E6B23E43D3500055BFE /* Assets.xcassets */; };
		ACE37E6F23E43D3500055BFE /* LaunchScreen.storyboard in Resources */ = {isa = PBXBuildFile; fileRef = ACE37E6D23E43D3500055BFE /* LaunchScreen.storyboard */; };
		C003A0C27C35856EEB0F2545 /* Pods_UIKitViewer.framework in Frameworks */ = {isa = PBXBuildFile; fileRef = AC3EB596875066DC775023B6 /* Pods_UIKitViewer.framework */; };
/* End PBXBuildFile section */

/* Begin PBXFileReference section */
		049505BE23E8329300790D15 /* ThumbnailCell.swift */ = {isa = PBXFileReference; lastKnownFileType = sourcecode.swift; path = ThumbnailCell.swift; sourceTree = "<group>"; };
		049505C023E84D4E00790D15 /* PropertyControlViewController.swift */ = {isa = PBXFileReference; lastKnownFileType = sourcecode.swift; path = PropertyControlViewController.swift; sourceTree = "<group>"; };
		10EDE3281E696595A5C64C89 /* Pods-UIKitViewer.release.xcconfig */ = {isa = PBXFileReference; includeInIndex = 1; lastKnownFileType = text.xcconfig; name = "Pods-UIKitViewer.release.xcconfig"; path = "Target Support Files/Pods-UIKitViewer/Pods-UIKitViewer.release.xcconfig"; sourceTree = "<group>"; };
		2B6F35BD279819609666BABB /* Pods-UIKitViewer.debug.xcconfig */ = {isa = PBXFileReference; includeInIndex = 1; lastKnownFileType = text.xcconfig; name = "Pods-UIKitViewer.debug.xcconfig"; path = "Target Support Files/Pods-UIKitViewer/Pods-UIKitViewer.debug.xcconfig"; sourceTree = "<group>"; };
		AC0B8ABB23E987820057EEBC /* SliderCell.swift */ = {isa = PBXFileReference; lastKnownFileType = sourcecode.swift; path = SliderCell.swift; sourceTree = "<group>"; };
		AC0B8ABD23E98A700057EEBC /* CellProvider.swift */ = {isa = PBXFileReference; lastKnownFileType = sourcecode.swift; path = CellProvider.swift; sourceTree = "<group>"; };
		AC3B4113240E812600822398 /* Identifiable.swift */ = {isa = PBXFileReference; lastKnownFileType = sourcecode.swift; path = Identifiable.swift; sourceTree = "<group>"; };
		AC3B4115240E87A400822398 /* UITableView+Extension.swift */ = {isa = PBXFileReference; lastKnownFileType = sourcecode.swift; path = "UITableView+Extension.swift"; sourceTree = "<group>"; };
		AC3B4117240F7D0700822398 /* UIColor+Extension.swift */ = {isa = PBXFileReference; lastKnownFileType = sourcecode.swift; path = "UIColor+Extension.swift"; sourceTree = "<group>"; };
		AC3B411B240F88D000822398 /* PropertyLabel.swift */ = {isa = PBXFileReference; lastKnownFileType = sourcecode.swift; path = PropertyLabel.swift; sourceTree = "<group>"; };
		AC3EB596875066DC775023B6 /* Pods_UIKitViewer.framework */ = {isa = PBXFileReference; explicitFileType = wrapper.framework; includeInIndex = 0; path = Pods_UIKitViewer.framework; sourceTree = BUILT_PRODUCTS_DIR; };
		AC5076812410CD7B0002DCE9 /* StepperCell.swift */ = {isa = PBXFileReference; lastKnownFileType = sourcecode.swift; path = StepperCell.swift; sourceTree = "<group>"; };
		AC5A1AF023EC2E6700729CFE /* SelectCell.swift */ = {isa = PBXFileReference; fileEncoding = 4; lastKnownFileType = sourcecode.swift; path = SelectCell.swift; sourceTree = "<group>"; };
		ACC1ED0E247271BF009F4C1A /* MethodCell.swift */ = {isa = PBXFileReference; lastKnownFileType = sourcecode.swift; path = MethodCell.swift; sourceTree = "<group>"; };
		ACC64B8E240E2D18007CD967 /* ControlModel.swift */ = {isa = PBXFileReference; lastKnownFileType = sourcecode.swift; path = ControlModel.swift; sourceTree = "<group>"; };
		ACC7153D2416835400D01C31 /* PreviewCollectionViewCell.swift */ = {isa = PBXFileReference; lastKnownFileType = sourcecode.swift; path = PreviewCollectionViewCell.swift; sourceTree = "<group>"; };
		ACC7153F241684D600D01C31 /* PreviewCollectionReusableView.swift */ = {isa = PBXFileReference; lastKnownFileType = sourcecode.swift; path = PreviewCollectionReusableView.swift; sourceTree = "<group>"; };
		ACC715412417B11B00D01C31 /* NotificationNames.swift */ = {isa = PBXFileReference; lastKnownFileType = sourcecode.swift; path = NotificationNames.swift; sourceTree = "<group>"; };
		ACD4FDC223EFD17D00D6ED22 /* Common.swift */ = {isa = PBXFileReference; lastKnownFileType = sourcecode.swift; path = Common.swift; sourceTree = "<group>"; };
		ACE1202C23EA7DDF00D484EF /* DisplayView.swift */ = {isa = PBXFileReference; lastKnownFileType = sourcecode.swift; path = DisplayView.swift; sourceTree = "<group>"; };
		ACE1203023EA8EE900D484EF /* PaletteCell.swift */ = {isa = PBXFileReference; fileEncoding = 4; lastKnownFileType = sourcecode.swift; path = PaletteCell.swift; sourceTree = "<group>"; };
		ACE1203223EA8EE900D484EF /* ToggleCell.swift */ = {isa = PBXFileReference; fileEncoding = 4; lastKnownFileType = sourcecode.swift; path = ToggleCell.swift; sourceTree = "<group>"; };
		ACE1203823EAA81100D484EF /* TextCell.swift */ = {isa = PBXFileReference; lastKnownFileType = sourcecode.swift; path = TextCell.swift; sourceTree = "<group>"; };
		ACE1203A23EBF59E00D484EF /* EnumerationExtensions.swift */ = {isa = PBXFileReference; lastKnownFileType = sourcecode.swift; path = EnumerationExtensions.swift; sourceTree = "<group>"; };
		ACE13F68240E20D400376613 /* UICollectionView+Extension.swift */ = {isa = PBXFileReference; lastKnownFileType = sourcecode.swift; path = "UICollectionView+Extension.swift"; sourceTree = "<group>"; };
		ACE13F6C240E236500376613 /* MainModel.swift */ = {isa = PBXFileReference; lastKnownFileType = sourcecode.swift; path = MainModel.swift; sourceTree = "<group>"; };
		ACE13F6E240E257A00376613 /* UIKitObject.swift */ = {isa = PBXFileReference; lastKnownFileType = sourcecode.swift; path = UIKitObject.swift; sourceTree = "<group>"; };
		ACE37E5F23E43D3400055BFE /* UIKitViewer.app */ = {isa = PBXFileReference; explicitFileType = wrapper.application; includeInIndex = 0; path = UIKitViewer.app; sourceTree = BUILT_PRODUCTS_DIR; };
		ACE37E6223E43D3400055BFE /* AppDelegate.swift */ = {isa = PBXFileReference; lastKnownFileType = sourcecode.swift; path = AppDelegate.swift; sourceTree = "<group>"; };
		ACE37E6623E43D3400055BFE /* MainViewController.swift */ = {isa = PBXFileReference; lastKnownFileType = sourcecode.swift; path = MainViewController.swift; sourceTree = "<group>"; };
		ACE37E6B23E43D3500055BFE /* Assets.xcassets */ = {isa = PBXFileReference; lastKnownFileType = folder.assetcatalog; path = Assets.xcassets; sourceTree = "<group>"; };
		ACE37E6E23E43D3500055BFE /* Base */ = {isa = PBXFileReference; lastKnownFileType = file.storyboard; name = Base; path = Base.lproj/LaunchScreen.storyboard; sourceTree = "<group>"; };
		ACE37E7023E43D3500055BFE /* Info.plist */ = {isa = PBXFileReference; lastKnownFileType = text.plist.xml; path = Info.plist; sourceTree = "<group>"; };
/* End PBXFileReference section */

/* Begin PBXFrameworksBuildPhase section */
		ACE37E5C23E43D3400055BFE /* Frameworks */ = {
			isa = PBXFrameworksBuildPhase;
			buildActionMask = 2147483647;
			files = (
				C003A0C27C35856EEB0F2545 /* Pods_UIKitViewer.framework in Frameworks */,
			);
			runOnlyForDeploymentPostprocessing = 0;
		};
/* End PBXFrameworksBuildPhase section */

/* Begin PBXGroup section */
		847B0AD7872DF58D6D4FD72D /* Pods */ = {
			isa = PBXGroup;
			children = (
				2B6F35BD279819609666BABB /* Pods-UIKitViewer.debug.xcconfig */,
				10EDE3281E696595A5C64C89 /* Pods-UIKitViewer.release.xcconfig */,
			);
			path = Pods;
			sourceTree = "<group>";
		};
		AC0B8AB823E982900057EEBC /* View */ = {
			isa = PBXGroup;
			children = (
				ACE1202C23EA7DDF00D484EF /* DisplayView.swift */,
				AC3B411B240F88D000822398 /* PropertyLabel.swift */,
			);
			path = View;
			sourceTree = "<group>";
		};
		AC3B411D240F931300822398 /* Cell */ = {
			isa = PBXGroup;
			children = (
				AC0B8ABD23E98A700057EEBC /* CellProvider.swift */,
				AC0B8ABB23E987820057EEBC /* SliderCell.swift */,
				ACE1203023EA8EE900D484EF /* PaletteCell.swift */,
				ACE1203223EA8EE900D484EF /* ToggleCell.swift */,
				ACE1203823EAA81100D484EF /* TextCell.swift */,
				AC5A1AF023EC2E6700729CFE /* SelectCell.swift */,
				AC5076812410CD7B0002DCE9 /* StepperCell.swift */,
				ACC1ED0E247271BF009F4C1A /* MethodCell.swift */,
			);
			path = Cell;
			sourceTree = "<group>";
		};
		AC87CBEF240E1ACA0015E527 /* Application */ = {
			isa = PBXGroup;
			children = (
				ACE37E6223E43D3400055BFE /* AppDelegate.swift */,
			);
			path = Application;
			sourceTree = "<group>";
		};
		AC87CBF0240E1AD00015E527 /* Helper */ = {
			isa = PBXGroup;
			children = (
				ACD4FDC223EFD17D00D6ED22 /* Common.swift */,
				AC3B4113240E812600822398 /* Identifiable.swift */,
				ACC715412417B11B00D01C31 /* NotificationNames.swift */,
				ACE13F6B240E22F400376613 /* Extensions */,
			);
			path = Helper;
			sourceTree = "<group>";
		};
		AC87CBF1240E1B140015E527 /* Resource */ = {
			isa = PBXGroup;
			children = (
				ACE37E6B23E43D3500055BFE /* Assets.xcassets */,
				ACE13F6E240E257A00376613 /* UIKitObject.swift */,
			);
			path = Resource;
			sourceTree = "<group>";
		};
		AC87CBF2240E1B200015E527 /* Home */ = {
			isa = PBXGroup;
			children = (
				AC87CBF3240E1B290015E527 /* Model */,
				AC87CBF4240E1B2B0015E527 /* View */,
				AC87CBF5240E1B2F0015E527 /* Controller */,
			);
			path = Home;
			sourceTree = "<group>";
		};
		AC87CBF3240E1B290015E527 /* Model */ = {
			isa = PBXGroup;
			children = (
				ACE13F6C240E236500376613 /* MainModel.swift */,
			);
			path = Model;
			sourceTree = "<group>";
		};
		AC87CBF4240E1B2B0015E527 /* View */ = {
			isa = PBXGroup;
			children = (
				049505BE23E8329300790D15 /* ThumbnailCell.swift */,
			);
			path = View;
			sourceTree = "<group>";
		};
		AC87CBF5240E1B2F0015E527 /* Controller */ = {
			isa = PBXGroup;
			children = (
				ACE37E6623E43D3400055BFE /* MainViewController.swift */,
			);
			path = Controller;
			sourceTree = "<group>";
		};
		ACB74E3123E97F35001AE814 /* Control */ = {
			isa = PBXGroup;
			children = (
				ACE13F6A240E22E100376613 /* Model */,
				AC0B8AB823E982900057EEBC /* View */,
				ACC7153C2416833800D01C31 /* PreviewCell */,
				AC3B411D240F931300822398 /* Cell */,
				ACB74E3223E97F47001AE814 /* Controller */,
			);
			path = Control;
			sourceTree = "<group>";
		};
		ACB74E3223E97F47001AE814 /* Controller */ = {
			isa = PBXGroup;
			children = (
				049505C023E84D4E00790D15 /* PropertyControlViewController.swift */,
			);
			path = Controller;
			sourceTree = "<group>";
		};
		ACC7153C2416833800D01C31 /* PreviewCell */ = {
			isa = PBXGroup;
			children = (
				ACC7153D2416835400D01C31 /* PreviewCollectionViewCell.swift */,
				ACC7153F241684D600D01C31 /* PreviewCollectionReusableView.swift */,
			);
			path = PreviewCell;
			sourceTree = "<group>";
		};
		ACE13F6A240E22E100376613 /* Model */ = {
			isa = PBXGroup;
			children = (
				ACC64B8E240E2D18007CD967 /* ControlModel.swift */,
			);
			path = Model;
			sourceTree = "<group>";
		};
		ACE13F6B240E22F400376613 /* Extensions */ = {
			isa = PBXGroup;
			children = (
				ACE1203A23EBF59E00D484EF /* EnumerationExtensions.swift */,
				ACE13F68240E20D400376613 /* UICollectionView+Extension.swift */,
				AC3B4115240E87A400822398 /* UITableView+Extension.swift */,
				AC3B4117240F7D0700822398 /* UIColor+Extension.swift */,
			);
			path = Extensions;
			sourceTree = "<group>";
		};
		ACE37E5623E43D3400055BFE = {
			isa = PBXGroup;
			children = (
				ACE37E6123E43D3400055BFE /* UIKitViewer */,
				ACE37E6023E43D3400055BFE /* Products */,
				847B0AD7872DF58D6D4FD72D /* Pods */,
				B7F8C760A55979F1BA3A7236 /* Frameworks */,
			);
			sourceTree = "<group>";
		};
		ACE37E6023E43D3400055BFE /* Products */ = {
			isa = PBXGroup;
			children = (
				ACE37E5F23E43D3400055BFE /* UIKitViewer.app */,
			);
			name = Products;
			sourceTree = "<group>";
		};
		ACE37E6123E43D3400055BFE /* UIKitViewer */ = {
			isa = PBXGroup;
			children = (
				AC87CBEF240E1ACA0015E527 /* Application */,
				AC87CBF2240E1B200015E527 /* Home */,
				ACB74E3123E97F35001AE814 /* Control */,
				AC87CBF0240E1AD00015E527 /* Helper */,
				AC87CBF1240E1B140015E527 /* Resource */,
				ACE37E6D23E43D3500055BFE /* LaunchScreen.storyboard */,
				ACE37E7023E43D3500055BFE /* Info.plist */,
			);
			path = UIKitViewer;
			sourceTree = "<group>";
		};
		B7F8C760A55979F1BA3A7236 /* Frameworks */ = {
			isa = PBXGroup;
			children = (
				AC3EB596875066DC775023B6 /* Pods_UIKitViewer.framework */,
			);
			name = Frameworks;
			sourceTree = "<group>";
		};
/* End PBXGroup section */

/* Begin PBXNativeTarget section */
		ACE37E5E23E43D3400055BFE /* UIKitViewer */ = {
			isa = PBXNativeTarget;
			buildConfigurationList = ACE37E7323E43D3500055BFE /* Build configuration list for PBXNativeTarget "UIKitViewer" */;
			buildPhases = (
				8FF9463FDBA77767D3437C8C /* [CP] Check Pods Manifest.lock */,
				ACE37E5B23E43D3400055BFE /* Sources */,
				ACE37E5C23E43D3400055BFE /* Frameworks */,
				ACE37E5D23E43D3400055BFE /* Resources */,
				6D1BB93C134D6F29F99E5960 /* [CP] Embed Pods Frameworks */,
			);
			buildRules = (
			);
			dependencies = (
			);
			name = UIKitViewer;
			productName = UIKitViewer;
			productReference = ACE37E5F23E43D3400055BFE /* UIKitViewer.app */;
			productType = "com.apple.product-type.application";
		};
/* End PBXNativeTarget section */

/* Begin PBXProject section */
		ACE37E5723E43D3400055BFE /* Project object */ = {
			isa = PBXProject;
			attributes = {
				LastSwiftUpdateCheck = 1130;
				LastUpgradeCheck = 1130;
				ORGANIZATIONNAME = cskim;
				TargetAttributes = {
					ACE37E5E23E43D3400055BFE = {
						CreatedOnToolsVersion = 11.3.1;
					};
				};
			};
			buildConfigurationList = ACE37E5A23E43D3400055BFE /* Build configuration list for PBXProject "UIKitViewer" */;
			compatibilityVersion = "Xcode 9.3";
			developmentRegion = en;
			hasScannedForEncodings = 0;
			knownRegions = (
				en,
				Base,
			);
			mainGroup = ACE37E5623E43D3400055BFE;
			productRefGroup = ACE37E6023E43D3400055BFE /* Products */;
			projectDirPath = "";
			projectRoot = "";
			targets = (
				ACE37E5E23E43D3400055BFE /* UIKitViewer */,
			);
		};
/* End PBXProject section */

/* Begin PBXResourcesBuildPhase section */
		ACE37E5D23E43D3400055BFE /* Resources */ = {
			isa = PBXResourcesBuildPhase;
			buildActionMask = 2147483647;
			files = (
				ACE37E6F23E43D3500055BFE /* LaunchScreen.storyboard in Resources */,
				ACE37E6C23E43D3500055BFE /* Assets.xcassets in Resources */,
			);
			runOnlyForDeploymentPostprocessing = 0;
		};
/* End PBXResourcesBuildPhase section */

/* Begin PBXShellScriptBuildPhase section */
		6D1BB93C134D6F29F99E5960 /* [CP] Embed Pods Frameworks */ = {
			isa = PBXShellScriptBuildPhase;
			buildActionMask = 2147483647;
			files = (
			);
			inputFileListPaths = (
				"${PODS_ROOT}/Target Support Files/Pods-UIKitViewer/Pods-UIKitViewer-frameworks-${CONFIGURATION}-input-files.xcfilelist",
			);
			name = "[CP] Embed Pods Frameworks";
			outputFileListPaths = (
				"${PODS_ROOT}/Target Support Files/Pods-UIKitViewer/Pods-UIKitViewer-frameworks-${CONFIGURATION}-output-files.xcfilelist",
			);
			runOnlyForDeploymentPostprocessing = 0;
			shellPath = /bin/sh;
			shellScript = "\"${PODS_ROOT}/Target Support Files/Pods-UIKitViewer/Pods-UIKitViewer-frameworks.sh\"\n";
			showEnvVarsInLog = 0;
		};
		8FF9463FDBA77767D3437C8C /* [CP] Check Pods Manifest.lock */ = {
			isa = PBXShellScriptBuildPhase;
			buildActionMask = 2147483647;
			files = (
			);
			inputFileListPaths = (
			);
			inputPaths = (
				"${PODS_PODFILE_DIR_PATH}/Podfile.lock",
				"${PODS_ROOT}/Manifest.lock",
			);
			name = "[CP] Check Pods Manifest.lock";
			outputFileListPaths = (
			);
			outputPaths = (
				"$(DERIVED_FILE_DIR)/Pods-UIKitViewer-checkManifestLockResult.txt",
			);
			runOnlyForDeploymentPostprocessing = 0;
			shellPath = /bin/sh;
			shellScript = "diff \"${PODS_PODFILE_DIR_PATH}/Podfile.lock\" \"${PODS_ROOT}/Manifest.lock\" > /dev/null\nif [ $? != 0 ] ; then\n    # print error to STDERR\n    echo \"error: The sandbox is not in sync with the Podfile.lock. Run 'pod install' or update your CocoaPods installation.\" >&2\n    exit 1\nfi\n# This output is used by Xcode 'outputs' to avoid re-running this script phase.\necho \"SUCCESS\" > \"${SCRIPT_OUTPUT_FILE_0}\"\n";
			showEnvVarsInLog = 0;
		};
/* End PBXShellScriptBuildPhase section */

/* Begin PBXSourcesBuildPhase section */
		ACE37E5B23E43D3400055BFE /* Sources */ = {
			isa = PBXSourcesBuildPhase;
			buildActionMask = 2147483647;
			files = (
				AC3B4118240F7D0700822398 /* UIColor+Extension.swift in Sources */,
				ACD4FDC323EFD17D00D6ED22 /* Common.swift in Sources */,
				ACC7153E2416835400D01C31 /* PreviewCollectionViewCell.swift in Sources */,
				ACE37E6723E43D3400055BFE /* MainViewController.swift in Sources */,
				AC5076822410CD7B0002DCE9 /* StepperCell.swift in Sources */,
				ACC64B8F240E2D18007CD967 /* ControlModel.swift in Sources */,
				ACE1203523EA8EE900D484EF /* ToggleCell.swift in Sources */,
				049505C123E84D4E00790D15 /* PropertyControlViewController.swift in Sources */,
				AC0B8ABE23E98A700057EEBC /* CellProvider.swift in Sources */,
				AC3B4116240E87A400822398 /* UITableView+Extension.swift in Sources */,
				ACC71540241684D600D01C31 /* PreviewCollectionReusableView.swift in Sources */,
				ACE1202D23EA7DDF00D484EF /* DisplayView.swift in Sources */,
				ACE1203923EAA81100D484EF /* TextCell.swift in Sources */,
				ACE13F6F240E257A00376613 /* UIKitObject.swift in Sources */,
				ACE1203323EA8EE900D484EF /* PaletteCell.swift in Sources */,
				AC0B8ABC23E987820057EEBC /* SliderCell.swift in Sources */,
				AC5A1AF123EC2E6700729CFE /* SelectCell.swift in Sources */,
				ACC715422417B11B00D01C31 /* NotificationNames.swift in Sources */,
				AC3B411C240F88D000822398 /* PropertyLabel.swift in Sources */,
				ACE37E6323E43D3400055BFE /* AppDelegate.swift in Sources */,
				ACE13F6D240E236500376613 /* MainModel.swift in Sources */,
				049505BF23E8329300790D15 /* ThumbnailCell.swift in Sources */,
				ACE1203B23EBF59E00D484EF /* EnumerationExtensions.swift in Sources */,
				ACE13F69240E20D400376613 /* UICollectionView+Extension.swift in Sources */,
				ACC1ED0F247271BF009F4C1A /* MethodCell.swift in Sources */,
				AC3B4114240E812600822398 /* Identifiable.swift in Sources */,
			);
			runOnlyForDeploymentPostprocessing = 0;
		};
/* End PBXSourcesBuildPhase section */

/* Begin PBXVariantGroup section */
		ACE37E6D23E43D3500055BFE /* LaunchScreen.storyboard */ = {
			isa = PBXVariantGroup;
			children = (
				ACE37E6E23E43D3500055BFE /* Base */,
			);
			name = LaunchScreen.storyboard;
			sourceTree = "<group>";
		};
/* End PBXVariantGroup section */

/* Begin XCBuildConfiguration section */
		ACE37E7123E43D3500055BFE /* Debug */ = {
			isa = XCBuildConfiguration;
			buildSettings = {
				ALWAYS_SEARCH_USER_PATHS = NO;
				CLANG_ANALYZER_NONNULL = YES;
				CLANG_ANALYZER_NUMBER_OBJECT_CONVERSION = YES_AGGRESSIVE;
				CLANG_CXX_LANGUAGE_STANDARD = "gnu++14";
				CLANG_CXX_LIBRARY = "libc++";
				CLANG_ENABLE_MODULES = YES;
				CLANG_ENABLE_OBJC_ARC = YES;
				CLANG_ENABLE_OBJC_WEAK = YES;
				CLANG_WARN_BLOCK_CAPTURE_AUTORELEASING = YES;
				CLANG_WARN_BOOL_CONVERSION = YES;
				CLANG_WARN_COMMA = YES;
				CLANG_WARN_CONSTANT_CONVERSION = YES;
				CLANG_WARN_DEPRECATED_OBJC_IMPLEMENTATIONS = YES;
				CLANG_WARN_DIRECT_OBJC_ISA_USAGE = YES_ERROR;
				CLANG_WARN_DOCUMENTATION_COMMENTS = YES;
				CLANG_WARN_EMPTY_BODY = YES;
				CLANG_WARN_ENUM_CONVERSION = YES;
				CLANG_WARN_INFINITE_RECURSION = YES;
				CLANG_WARN_INT_CONVERSION = YES;
				CLANG_WARN_NON_LITERAL_NULL_CONVERSION = YES;
				CLANG_WARN_OBJC_IMPLICIT_RETAIN_SELF = YES;
				CLANG_WARN_OBJC_LITERAL_CONVERSION = YES;
				CLANG_WARN_OBJC_ROOT_CLASS = YES_ERROR;
				CLANG_WARN_RANGE_LOOP_ANALYSIS = YES;
				CLANG_WARN_STRICT_PROTOTYPES = YES;
				CLANG_WARN_SUSPICIOUS_MOVE = YES;
				CLANG_WARN_UNGUARDED_AVAILABILITY = YES_AGGRESSIVE;
				CLANG_WARN_UNREACHABLE_CODE = YES;
				CLANG_WARN__DUPLICATE_METHOD_MATCH = YES;
				COPY_PHASE_STRIP = NO;
				DEBUG_INFORMATION_FORMAT = dwarf;
				ENABLE_STRICT_OBJC_MSGSEND = YES;
				ENABLE_TESTABILITY = YES;
				GCC_C_LANGUAGE_STANDARD = gnu11;
				GCC_DYNAMIC_NO_PIC = NO;
				GCC_NO_COMMON_BLOCKS = YES;
				GCC_OPTIMIZATION_LEVEL = 0;
				GCC_PREPROCESSOR_DEFINITIONS = (
					"DEBUG=1",
					"$(inherited)",
				);
				GCC_WARN_64_TO_32_BIT_CONVERSION = YES;
				GCC_WARN_ABOUT_RETURN_TYPE = YES_ERROR;
				GCC_WARN_UNDECLARED_SELECTOR = YES;
				GCC_WARN_UNINITIALIZED_AUTOS = YES_AGGRESSIVE;
				GCC_WARN_UNUSED_FUNCTION = YES;
				GCC_WARN_UNUSED_VARIABLE = YES;
				IPHONEOS_DEPLOYMENT_TARGET = 13.2;
				MTL_ENABLE_DEBUG_INFO = INCLUDE_SOURCE;
				MTL_FAST_MATH = YES;
				ONLY_ACTIVE_ARCH = YES;
				SDKROOT = iphoneos;
				SWIFT_ACTIVE_COMPILATION_CONDITIONS = DEBUG;
				SWIFT_OPTIMIZATION_LEVEL = "-Onone";
			};
			name = Debug;
		};
		ACE37E7223E43D3500055BFE /* Release */ = {
			isa = XCBuildConfiguration;
			buildSettings = {
				ALWAYS_SEARCH_USER_PATHS = NO;
				CLANG_ANALYZER_NONNULL = YES;
				CLANG_ANALYZER_NUMBER_OBJECT_CONVERSION = YES_AGGRESSIVE;
				CLANG_CXX_LANGUAGE_STANDARD = "gnu++14";
				CLANG_CXX_LIBRARY = "libc++";
				CLANG_ENABLE_MODULES = YES;
				CLANG_ENABLE_OBJC_ARC = YES;
				CLANG_ENABLE_OBJC_WEAK = YES;
				CLANG_WARN_BLOCK_CAPTURE_AUTORELEASING = YES;
				CLANG_WARN_BOOL_CONVERSION = YES;
				CLANG_WARN_COMMA = YES;
				CLANG_WARN_CONSTANT_CONVERSION = YES;
				CLANG_WARN_DEPRECATED_OBJC_IMPLEMENTATIONS = YES;
				CLANG_WARN_DIRECT_OBJC_ISA_USAGE = YES_ERROR;
				CLANG_WARN_DOCUMENTATION_COMMENTS = YES;
				CLANG_WARN_EMPTY_BODY = YES;
				CLANG_WARN_ENUM_CONVERSION = YES;
				CLANG_WARN_INFINITE_RECURSION = YES;
				CLANG_WARN_INT_CONVERSION = YES;
				CLANG_WARN_NON_LITERAL_NULL_CONVERSION = YES;
				CLANG_WARN_OBJC_IMPLICIT_RETAIN_SELF = YES;
				CLANG_WARN_OBJC_LITERAL_CONVERSION = YES;
				CLANG_WARN_OBJC_ROOT_CLASS = YES_ERROR;
				CLANG_WARN_RANGE_LOOP_ANALYSIS = YES;
				CLANG_WARN_STRICT_PROTOTYPES = YES;
				CLANG_WARN_SUSPICIOUS_MOVE = YES;
				CLANG_WARN_UNGUARDED_AVAILABILITY = YES_AGGRESSIVE;
				CLANG_WARN_UNREACHABLE_CODE = YES;
				CLANG_WARN__DUPLICATE_METHOD_MATCH = YES;
				COPY_PHASE_STRIP = NO;
				DEBUG_INFORMATION_FORMAT = "dwarf-with-dsym";
				ENABLE_NS_ASSERTIONS = NO;
				ENABLE_STRICT_OBJC_MSGSEND = YES;
				GCC_C_LANGUAGE_STANDARD = gnu11;
				GCC_NO_COMMON_BLOCKS = YES;
				GCC_WARN_64_TO_32_BIT_CONVERSION = YES;
				GCC_WARN_ABOUT_RETURN_TYPE = YES_ERROR;
				GCC_WARN_UNDECLARED_SELECTOR = YES;
				GCC_WARN_UNINITIALIZED_AUTOS = YES_AGGRESSIVE;
				GCC_WARN_UNUSED_FUNCTION = YES;
				GCC_WARN_UNUSED_VARIABLE = YES;
				IPHONEOS_DEPLOYMENT_TARGET = 13.2;
				MTL_ENABLE_DEBUG_INFO = NO;
				MTL_FAST_MATH = YES;
				SDKROOT = iphoneos;
				SWIFT_COMPILATION_MODE = wholemodule;
				SWIFT_OPTIMIZATION_LEVEL = "-O";
				VALIDATE_PRODUCT = YES;
			};
			name = Release;
		};
		ACE37E7423E43D3500055BFE /* Debug */ = {
			isa = XCBuildConfiguration;
			baseConfigurationReference = 2B6F35BD279819609666BABB /* Pods-UIKitViewer.debug.xcconfig */;
			buildSettings = {
				ASSETCATALOG_COMPILER_APPICON_NAME = AppIcon;
				CODE_SIGN_STYLE = Automatic;
				CURRENT_PROJECT_VERSION = 1;
				DEVELOPMENT_TEAM = D8Z3QRBB63;
				INFOPLIST_FILE = UIKitViewer/Info.plist;
				IPHONEOS_DEPLOYMENT_TARGET = 13.0;
				LD_RUNPATH_SEARCH_PATHS = (
					"$(inherited)",
					"@executable_path/Frameworks",
				);
				MARKETING_VERSION = 1.1;
				PRODUCT_BUNDLE_IDENTIFIER = kr.cskim.UIKitViewer;
				PRODUCT_NAME = "$(TARGET_NAME)";
				SWIFT_VERSION = 5.0;
				TARGETED_DEVICE_FAMILY = 1;
			};
			name = Debug;
		};
		ACE37E7523E43D3500055BFE /* Release */ = {
			isa = XCBuildConfiguration;
			baseConfigurationReference = 10EDE3281E696595A5C64C89 /* Pods-UIKitViewer.release.xcconfig */;
			buildSettings = {
				ASSETCATALOG_COMPILER_APPICON_NAME = AppIcon;
				CODE_SIGN_STYLE = Automatic;
				CURRENT_PROJECT_VERSION = 1;
				DEVELOPMENT_TEAM = D8Z3QRBB63;
				INFOPLIST_FILE = UIKitViewer/Info.plist;
				IPHONEOS_DEPLOYMENT_TARGET = 13.0;
				LD_RUNPATH_SEARCH_PATHS = (
					"$(inherited)",
					"@executable_path/Frameworks",
				);
				MARKETING_VERSION = 1.1;
				PRODUCT_BUNDLE_IDENTIFIER = kr.cskim.UIKitViewer;
				PRODUCT_NAME = "$(TARGET_NAME)";
				SWIFT_VERSION = 5.0;
				TARGETED_DEVICE_FAMILY = 1;
			};
			name = Release;
		};
/* End XCBuildConfiguration section */

/* Begin XCConfigurationList section */
		ACE37E5A23E43D3400055BFE /* Build configuration list for PBXProject "UIKitViewer" */ = {
			isa = XCConfigurationList;
			buildConfigurations = (
				ACE37E7123E43D3500055BFE /* Debug */,
				ACE37E7223E43D3500055BFE /* Release */,
			);
			defaultConfigurationIsVisible = 0;
			defaultConfigurationName = Release;
		};
		ACE37E7323E43D3500055BFE /* Build configuration list for PBXNativeTarget "UIKitViewer" */ = {
			isa = XCConfigurationList;
			buildConfigurations = (
				ACE37E7423E43D3500055BFE /* Debug */,
				ACE37E7523E43D3500055BFE /* Release */,
			);
			defaultConfigurationIsVisible = 0;
			defaultConfigurationName = Release;
		};
/* End XCConfigurationList section */
	};
	rootObject = ACE37E5723E43D3400055BFE /* Project object */;
}
